
Microsoft Visual Studio Solution File, Format Version 12.00
# Visual Studio 14
VisualStudioVersion = 14.0.25420.1
MinimumVisualStudioVersion = 10.0.40219.1
Project("{FAE04EC0-301F-11D3-BF4B-00C04F79EFBC}") = "Tape", "Tape\Tape.csproj", "{1D7FF72E-C9AE-4F62-8A1B-75D0B9FAB586}"
EndProject
Global
	GlobalSection(SolutionConfigurationPlatforms) = preSolution
		Debug|Any CPU = Debug|Any CPU
		Release|Any CPU = Release|Any CPU
	EndGlobalSection
	GlobalSection(ProjectConfigurationPlatforms) = postSolution
		{1D7FF72E-C9AE-4F62-8A1B-75D0B9FAB586}.Debug|Any CPU.ActiveCfg = Debug|Any CPU
		{1D7FF72E-C9AE-4F62-8A1B-75D0B9FAB586}.Debug|Any CPU.Build.0 = Debug|Any CPU
		{1D7FF72E-C9AE-4F62-8A1B-75D0B9FAB586}.Release|Any CPU.ActiveCfg = Release|Any CPU
		{1D7FF72E-C9AE-4F62-8A1B-75D0B9FAB586}.Release|Any CPU.Build.0 = Release|Any CPU
	EndGlobalSection
	GlobalSection(SolutionProperties) = preSolution
		HideSolutionNode = FALSE
	EndGlobalSection
EndGlobal
